
Microsoft Visual Studio Solution File, Format Version 12.00
# Visual Studio Version 17
VisualStudioVersion = 17.8.34330.188
MinimumVisualStudioVersion = 10.0.40219.1
Project("{FAE04EC0-301F-11D3-BF4B-00C04F79EFBC}") = "Restaurant", "Restaurant\Restaurant.csproj", "{D6CD4BB1-BC5C-483A-AB16-F66EFA924581}"
EndProject
Global
	GlobalSection(SolutionConfigurationPlatforms) = preSolution
		Debug|Any CPU = Debug|Any CPU
		Release|Any CPU = Release|Any CPU
	EndGlobalSection
	GlobalSection(ProjectConfigurationPlatforms) = postSolution
		{D6CD4BB1-BC5C-483A-AB16-F66EFA924581}.Debug|Any CPU.ActiveCfg = Debug|Any CPU
		{D6CD4BB1-BC5C-483A-AB16-F66EFA924581}.Debug|Any CPU.Build.0 = Debug|Any CPU
		{D6CD4BB1-BC5C-483A-AB16-F66EFA924581}.Release|Any CPU.ActiveCfg = Release|Any CPU
		{D6CD4BB1-BC5C-483A-AB16-F66EFA924581}.Release|Any CPU.Build.0 = Release|Any CPU
	EndGlobalSection
	GlobalSection(SolutionProperties) = preSolution
		HideSolutionNode = FALSE
	EndGlobalSection
	GlobalSection(ExtensibilityGlobals) = postSolution
		SolutionGuid = {F9DB1207-8A43-45FE-9531-D1AF84F587AE}
	EndGlobalSection
EndGlobal
