
Microsoft Visual Studio Solution File, Format Version 12.00
# Visual Studio Version 17
VisualStudioVersion = 17.8.34330.188
MinimumVisualStudioVersion = 10.0.40219.1
Project("{FAE04EC0-301F-11D3-BF4B-00C04F79EFBC}") = "01. Sort Even Numbers", "01. Sort Even Numbers\01. Sort Even Numbers.csproj", "{FE33C4D9-2801-4D20-8411-35A2AFC20DB3}"
EndProject
Project("{FAE04EC0-301F-11D3-BF4B-00C04F79EFBC}") = "02. Sum Numbers", "02. Sum Numbers\02. Sum Numbers.csproj", "{77682A2C-130E-4888-8F68-9937F6ED9523}"
EndProject
Project("{FAE04EC0-301F-11D3-BF4B-00C04F79EFBC}") = "03. Count Uppercase Words", "3. Count Uppercase Words\03. Count Uppercase Words.csproj", "{208FCE56-63F0-47E5-AD1F-03619F6E1033}"
EndProject
Project("{FAE04EC0-301F-11D3-BF4B-00C04F79EFBC}") = "04. Add VAT", "04. Add VAT\04. Add VAT.csproj", "{958ED63B-F533-4C18-84E0-EE6ACEC23682}"
EndProject
Project("{FAE04EC0-301F-11D3-BF4B-00C04F79EFBC}") = "05. Filter By Age", "05. Filter By Age\05. Filter By Age.csproj", "{BDE6E746-9EDB-485E-9F25-B2DCB2102C61}"
EndProject
Global
	GlobalSection(SolutionConfigurationPlatforms) = preSolution
		Debug|Any CPU = Debug|Any CPU
		Release|Any CPU = Release|Any CPU
	EndGlobalSection
	GlobalSection(ProjectConfigurationPlatforms) = postSolution
		{FE33C4D9-2801-4D20-8411-35A2AFC20DB3}.Debug|Any CPU.ActiveCfg = Debug|Any CPU
		{FE33C4D9-2801-4D20-8411-35A2AFC20DB3}.Debug|Any CPU.Build.0 = Debug|Any CPU
		{FE33C4D9-2801-4D20-8411-35A2AFC20DB3}.Release|Any CPU.ActiveCfg = Release|Any CPU
		{FE33C4D9-2801-4D20-8411-35A2AFC20DB3}.Release|Any CPU.Build.0 = Release|Any CPU
		{77682A2C-130E-4888-8F68-9937F6ED9523}.Debug|Any CPU.ActiveCfg = Debug|Any CPU
		{77682A2C-130E-4888-8F68-9937F6ED9523}.Debug|Any CPU.Build.0 = Debug|Any CPU
		{77682A2C-130E-4888-8F68-9937F6ED9523}.Release|Any CPU.ActiveCfg = Release|Any CPU
		{77682A2C-130E-4888-8F68-9937F6ED9523}.Release|Any CPU.Build.0 = Release|Any CPU
		{208FCE56-63F0-47E5-AD1F-03619F6E1033}.Debug|Any CPU.ActiveCfg = Debug|Any CPU
		{208FCE56-63F0-47E5-AD1F-03619F6E1033}.Debug|Any CPU.Build.0 = Debug|Any CPU
		{208FCE56-63F0-47E5-AD1F-03619F6E1033}.Release|Any CPU.ActiveCfg = Release|Any CPU
		{208FCE56-63F0-47E5-AD1F-03619F6E1033}.Release|Any CPU.Build.0 = Release|Any CPU
		{958ED63B-F533-4C18-84E0-EE6ACEC23682}.Debug|Any CPU.ActiveCfg = Debug|Any CPU
		{958ED63B-F533-4C18-84E0-EE6ACEC23682}.Debug|Any CPU.Build.0 = Debug|Any CPU
		{958ED63B-F533-4C18-84E0-EE6ACEC23682}.Release|Any CPU.ActiveCfg = Release|Any CPU
		{958ED63B-F533-4C18-84E0-EE6ACEC23682}.Release|Any CPU.Build.0 = Release|Any CPU
		{BDE6E746-9EDB-485E-9F25-B2DCB2102C61}.Debug|Any CPU.ActiveCfg = Debug|Any CPU
		{BDE6E746-9EDB-485E-9F25-B2DCB2102C61}.Debug|Any CPU.Build.0 = Debug|Any CPU
		{BDE6E746-9EDB-485E-9F25-B2DCB2102C61}.Release|Any CPU.ActiveCfg = Release|Any CPU
		{BDE6E746-9EDB-485E-9F25-B2DCB2102C61}.Release|Any CPU.Build.0 = Release|Any CPU
	EndGlobalSection
	GlobalSection(SolutionProperties) = preSolution
		HideSolutionNode = FALSE
	EndGlobalSection
	GlobalSection(ExtensibilityGlobals) = postSolution
		SolutionGuid = {9E83B7B8-0632-433A-A406-80421B281369}
	EndGlobalSection
EndGlobal
