
Microsoft Visual Studio Solution File, Format Version 12.00
# Visual Studio Version 17
VisualStudioVersion = 17.8.34330.188
MinimumVisualStudioVersion = 10.0.40219.1
Project("{FAE04EC0-301F-11D3-BF4B-00C04F79EFBC}") = "SingleInheritance", "SingleInheritance\SingleInheritance.csproj", "{C15E765A-21CA-40FC-BBCF-F73164DBDA2D}"
EndProject
Project("{FAE04EC0-301F-11D3-BF4B-00C04F79EFBC}") = "MultipleInheritance", "Multiple Inheritance\MultipleInheritance.csproj", "{10395364-CB9D-4A47-B1BF-92354FBA7549}"
EndProject
Project("{FAE04EC0-301F-11D3-BF4B-00C04F79EFBC}") = "HierarchicalInheritance", "HierarchicalInheritance\HierarchicalInheritance.csproj", "{E3BA8E9C-7451-481A-AEEA-ABC93A7707A7}"
EndProject
Project("{FAE04EC0-301F-11D3-BF4B-00C04F79EFBC}") = "RandomList", "RandomList\RandomList.csproj", "{7C2D0A60-C06D-4583-A8D7-8FD0F541D532}"
EndProject
Project("{FAE04EC0-301F-11D3-BF4B-00C04F79EFBC}") = "StackOfStrings", "StackOfStrings\StackOfStrings.csproj", "{B4CB2666-A0BB-4E2B-910F-C44641540EB4}"
EndProject
Global
	GlobalSection(SolutionConfigurationPlatforms) = preSolution
		Debug|Any CPU = Debug|Any CPU
		Release|Any CPU = Release|Any CPU
	EndGlobalSection
	GlobalSection(ProjectConfigurationPlatforms) = postSolution
		{C15E765A-21CA-40FC-BBCF-F73164DBDA2D}.Debug|Any CPU.ActiveCfg = Debug|Any CPU
		{C15E765A-21CA-40FC-BBCF-F73164DBDA2D}.Debug|Any CPU.Build.0 = Debug|Any CPU
		{C15E765A-21CA-40FC-BBCF-F73164DBDA2D}.Release|Any CPU.ActiveCfg = Release|Any CPU
		{C15E765A-21CA-40FC-BBCF-F73164DBDA2D}.Release|Any CPU.Build.0 = Release|Any CPU
		{10395364-CB9D-4A47-B1BF-92354FBA7549}.Debug|Any CPU.ActiveCfg = Debug|Any CPU
		{10395364-CB9D-4A47-B1BF-92354FBA7549}.Debug|Any CPU.Build.0 = Debug|Any CPU
		{10395364-CB9D-4A47-B1BF-92354FBA7549}.Release|Any CPU.ActiveCfg = Release|Any CPU
		{10395364-CB9D-4A47-B1BF-92354FBA7549}.Release|Any CPU.Build.0 = Release|Any CPU
		{E3BA8E9C-7451-481A-AEEA-ABC93A7707A7}.Debug|Any CPU.ActiveCfg = Debug|Any CPU
		{E3BA8E9C-7451-481A-AEEA-ABC93A7707A7}.Debug|Any CPU.Build.0 = Debug|Any CPU
		{E3BA8E9C-7451-481A-AEEA-ABC93A7707A7}.Release|Any CPU.ActiveCfg = Release|Any CPU
		{E3BA8E9C-7451-481A-AEEA-ABC93A7707A7}.Release|Any CPU.Build.0 = Release|Any CPU
		{7C2D0A60-C06D-4583-A8D7-8FD0F541D532}.Debug|Any CPU.ActiveCfg = Debug|Any CPU
		{7C2D0A60-C06D-4583-A8D7-8FD0F541D532}.Debug|Any CPU.Build.0 = Debug|Any CPU
		{7C2D0A60-C06D-4583-A8D7-8FD0F541D532}.Release|Any CPU.ActiveCfg = Release|Any CPU
		{7C2D0A60-C06D-4583-A8D7-8FD0F541D532}.Release|Any CPU.Build.0 = Release|Any CPU
		{B4CB2666-A0BB-4E2B-910F-C44641540EB4}.Debug|Any CPU.ActiveCfg = Debug|Any CPU
		{B4CB2666-A0BB-4E2B-910F-C44641540EB4}.Debug|Any CPU.Build.0 = Debug|Any CPU
		{B4CB2666-A0BB-4E2B-910F-C44641540EB4}.Release|Any CPU.ActiveCfg = Release|Any CPU
		{B4CB2666-A0BB-4E2B-910F-C44641540EB4}.Release|Any CPU.Build.0 = Release|Any CPU
	EndGlobalSection
	GlobalSection(SolutionProperties) = preSolution
		HideSolutionNode = FALSE
	EndGlobalSection
	GlobalSection(ExtensibilityGlobals) = postSolution
		SolutionGuid = {86D8C81E-F210-4506-9242-285C73F539FB}
	EndGlobalSection
EndGlobal
