
Microsoft Visual Studio Solution File, Format Version 12.00
# Visual Studio Version 17
VisualStudioVersion = 17.8.34330.188
MinimumVisualStudioVersion = 10.0.40219.1
Project("{9A19103F-16F7-4668-BE54-9A1E7A4F7556}") = "DefineAnInterfaceIPerson", "DefineAnInterfaceIPerson\DefineAnInterfaceIPerson.csproj", "{3B229634-9EC1-4E44-85C7-223F0B55F102}"
EndProject
Project("{9A19103F-16F7-4668-BE54-9A1E7A4F7556}") = "MultipleImplementation", "Multiple Implementation\MultipleImplementation.csproj", "{C5FAE5D9-AFDF-4ED8-B07F-7734D057E80F}"
EndProject
Project("{9A19103F-16F7-4668-BE54-9A1E7A4F7556}") = "Telephony", "Telephony\Telephony.csproj", "{1207F0DA-E6FD-439E-AF8C-C375795E4621}"
EndProject
Project("{FAE04EC0-301F-11D3-BF4B-00C04F79EFBC}") = "BorderControl", "BorderControl\BorderControl.csproj", "{8D0D07E2-F645-41C9-BDAD-03A743BACECE}"
EndProject
Project("{FAE04EC0-301F-11D3-BF4B-00C04F79EFBC}") = "BirthdayCelebrations", "BirthdayCelebrations\BirthdayCelebrations.csproj", "{951E002A-CC33-4273-B5F7-24CBAE481897}"
EndProject
Project("{FAE04EC0-301F-11D3-BF4B-00C04F79EFBC}") = "FoodShortage", "FoodShortage\FoodShortage.csproj", "{974DD7AF-0946-49F8-90CD-EF6A52DCE235}"
EndProject
Global
	GlobalSection(SolutionConfigurationPlatforms) = preSolution
		Debug|Any CPU = Debug|Any CPU
		Release|Any CPU = Release|Any CPU
	EndGlobalSection
	GlobalSection(ProjectConfigurationPlatforms) = postSolution
		{3B229634-9EC1-4E44-85C7-223F0B55F102}.Debug|Any CPU.ActiveCfg = Debug|Any CPU
		{3B229634-9EC1-4E44-85C7-223F0B55F102}.Debug|Any CPU.Build.0 = Debug|Any CPU
		{3B229634-9EC1-4E44-85C7-223F0B55F102}.Release|Any CPU.ActiveCfg = Release|Any CPU
		{3B229634-9EC1-4E44-85C7-223F0B55F102}.Release|Any CPU.Build.0 = Release|Any CPU
		{C5FAE5D9-AFDF-4ED8-B07F-7734D057E80F}.Debug|Any CPU.ActiveCfg = Debug|Any CPU
		{C5FAE5D9-AFDF-4ED8-B07F-7734D057E80F}.Debug|Any CPU.Build.0 = Debug|Any CPU
		{C5FAE5D9-AFDF-4ED8-B07F-7734D057E80F}.Release|Any CPU.ActiveCfg = Release|Any CPU
		{C5FAE5D9-AFDF-4ED8-B07F-7734D057E80F}.Release|Any CPU.Build.0 = Release|Any CPU
		{1207F0DA-E6FD-439E-AF8C-C375795E4621}.Debug|Any CPU.ActiveCfg = Debug|Any CPU
		{1207F0DA-E6FD-439E-AF8C-C375795E4621}.Debug|Any CPU.Build.0 = Debug|Any CPU
		{1207F0DA-E6FD-439E-AF8C-C375795E4621}.Release|Any CPU.ActiveCfg = Release|Any CPU
		{1207F0DA-E6FD-439E-AF8C-C375795E4621}.Release|Any CPU.Build.0 = Release|Any CPU
		{8D0D07E2-F645-41C9-BDAD-03A743BACECE}.Debug|Any CPU.ActiveCfg = Debug|Any CPU
		{8D0D07E2-F645-41C9-BDAD-03A743BACECE}.Debug|Any CPU.Build.0 = Debug|Any CPU
		{8D0D07E2-F645-41C9-BDAD-03A743BACECE}.Release|Any CPU.ActiveCfg = Release|Any CPU
		{8D0D07E2-F645-41C9-BDAD-03A743BACECE}.Release|Any CPU.Build.0 = Release|Any CPU
		{951E002A-CC33-4273-B5F7-24CBAE481897}.Debug|Any CPU.ActiveCfg = Debug|Any CPU
		{951E002A-CC33-4273-B5F7-24CBAE481897}.Debug|Any CPU.Build.0 = Debug|Any CPU
		{951E002A-CC33-4273-B5F7-24CBAE481897}.Release|Any CPU.ActiveCfg = Release|Any CPU
		{951E002A-CC33-4273-B5F7-24CBAE481897}.Release|Any CPU.Build.0 = Release|Any CPU
		{974DD7AF-0946-49F8-90CD-EF6A52DCE235}.Debug|Any CPU.ActiveCfg = Debug|Any CPU
		{974DD7AF-0946-49F8-90CD-EF6A52DCE235}.Debug|Any CPU.Build.0 = Debug|Any CPU
		{974DD7AF-0946-49F8-90CD-EF6A52DCE235}.Release|Any CPU.ActiveCfg = Release|Any CPU
		{974DD7AF-0946-49F8-90CD-EF6A52DCE235}.Release|Any CPU.Build.0 = Release|Any CPU
	EndGlobalSection
	GlobalSection(SolutionProperties) = preSolution
		HideSolutionNode = FALSE
	EndGlobalSection
	GlobalSection(ExtensibilityGlobals) = postSolution
		SolutionGuid = {7C4E24C0-00AE-4E99-8694-BE08CDAB7BD8}
	EndGlobalSection
EndGlobal
