
Microsoft Visual Studio Solution File, Format Version 12.00
# Visual Studio Version 17
VisualStudioVersion = 17.8.34330.188
MinimumVisualStudioVersion = 10.0.40219.1
Project("{FAE04EC0-301F-11D3-BF4B-00C04F79EFBC}") = "GenericBoxOfString", "GenericBoxOfString\GenericBoxOfString.csproj", "{D19BB9CE-E3AA-4FCA-BA0F-703D92B9E295}"
EndProject
Project("{FAE04EC0-301F-11D3-BF4B-00C04F79EFBC}") = "GenericBoxOfInteger", "GenericBoxOfInteger\GenericBoxOfInteger.csproj", "{4023B0FA-8A7F-48AB-8292-AA58CA129FD9}"
EndProject
Project("{FAE04EC0-301F-11D3-BF4B-00C04F79EFBC}") = "GenericSwapMethodString", "GenericSwapMethodString\GenericSwapMethodString.csproj", "{C0D72F60-086F-4B73-964B-0B14228FF131}"
EndProject
Project("{FAE04EC0-301F-11D3-BF4B-00C04F79EFBC}") = "GenericSwapMethodInteger", "GenericSwapMethodInteger\GenericSwapMethodInteger.csproj", "{BFDF202C-A673-43A3-B0E9-CFE2CE211474}"
EndProject
Project("{FAE04EC0-301F-11D3-BF4B-00C04F79EFBC}") = "GenericCountMethodString", "GenericCountMethodString\GenericCountMethodString.csproj", "{6A18BDC3-7CD3-411F-B28D-ACE7CB732862}"
EndProject
Project("{FAE04EC0-301F-11D3-BF4B-00C04F79EFBC}") = "GenericCountMethodDouble", "GenericCountMethodDouble\GenericCountMethodDouble.csproj", "{16E4D9B8-BC9A-46B9-81A3-D9027E40479F}"
EndProject
Project("{FAE04EC0-301F-11D3-BF4B-00C04F79EFBC}") = "Tuple", "Tuple\Tuple.csproj", "{F50B687B-2A30-49BC-9528-9B50B688EE73}"
EndProject
Project("{FAE04EC0-301F-11D3-BF4B-00C04F79EFBC}") = "Threeuple", "Threeuple\Threeuple.csproj", "{DB154277-44F3-45FE-9A4E-FDCD452F24A6}"
EndProject
Global
	GlobalSection(SolutionConfigurationPlatforms) = preSolution
		Debug|Any CPU = Debug|Any CPU
		Release|Any CPU = Release|Any CPU
	EndGlobalSection
	GlobalSection(ProjectConfigurationPlatforms) = postSolution
		{D19BB9CE-E3AA-4FCA-BA0F-703D92B9E295}.Debug|Any CPU.ActiveCfg = Debug|Any CPU
		{D19BB9CE-E3AA-4FCA-BA0F-703D92B9E295}.Debug|Any CPU.Build.0 = Debug|Any CPU
		{D19BB9CE-E3AA-4FCA-BA0F-703D92B9E295}.Release|Any CPU.ActiveCfg = Release|Any CPU
		{D19BB9CE-E3AA-4FCA-BA0F-703D92B9E295}.Release|Any CPU.Build.0 = Release|Any CPU
		{4023B0FA-8A7F-48AB-8292-AA58CA129FD9}.Debug|Any CPU.ActiveCfg = Debug|Any CPU
		{4023B0FA-8A7F-48AB-8292-AA58CA129FD9}.Debug|Any CPU.Build.0 = Debug|Any CPU
		{4023B0FA-8A7F-48AB-8292-AA58CA129FD9}.Release|Any CPU.ActiveCfg = Release|Any CPU
		{4023B0FA-8A7F-48AB-8292-AA58CA129FD9}.Release|Any CPU.Build.0 = Release|Any CPU
		{C0D72F60-086F-4B73-964B-0B14228FF131}.Debug|Any CPU.ActiveCfg = Debug|Any CPU
		{C0D72F60-086F-4B73-964B-0B14228FF131}.Debug|Any CPU.Build.0 = Debug|Any CPU
		{C0D72F60-086F-4B73-964B-0B14228FF131}.Release|Any CPU.ActiveCfg = Release|Any CPU
		{C0D72F60-086F-4B73-964B-0B14228FF131}.Release|Any CPU.Build.0 = Release|Any CPU
		{BFDF202C-A673-43A3-B0E9-CFE2CE211474}.Debug|Any CPU.ActiveCfg = Debug|Any CPU
		{BFDF202C-A673-43A3-B0E9-CFE2CE211474}.Debug|Any CPU.Build.0 = Debug|Any CPU
		{BFDF202C-A673-43A3-B0E9-CFE2CE211474}.Release|Any CPU.ActiveCfg = Release|Any CPU
		{BFDF202C-A673-43A3-B0E9-CFE2CE211474}.Release|Any CPU.Build.0 = Release|Any CPU
		{6A18BDC3-7CD3-411F-B28D-ACE7CB732862}.Debug|Any CPU.ActiveCfg = Debug|Any CPU
		{6A18BDC3-7CD3-411F-B28D-ACE7CB732862}.Debug|Any CPU.Build.0 = Debug|Any CPU
		{6A18BDC3-7CD3-411F-B28D-ACE7CB732862}.Release|Any CPU.ActiveCfg = Release|Any CPU
		{6A18BDC3-7CD3-411F-B28D-ACE7CB732862}.Release|Any CPU.Build.0 = Release|Any CPU
		{16E4D9B8-BC9A-46B9-81A3-D9027E40479F}.Debug|Any CPU.ActiveCfg = Debug|Any CPU
		{16E4D9B8-BC9A-46B9-81A3-D9027E40479F}.Debug|Any CPU.Build.0 = Debug|Any CPU
		{16E4D9B8-BC9A-46B9-81A3-D9027E40479F}.Release|Any CPU.ActiveCfg = Release|Any CPU
		{16E4D9B8-BC9A-46B9-81A3-D9027E40479F}.Release|Any CPU.Build.0 = Release|Any CPU
		{F50B687B-2A30-49BC-9528-9B50B688EE73}.Debug|Any CPU.ActiveCfg = Debug|Any CPU
		{F50B687B-2A30-49BC-9528-9B50B688EE73}.Debug|Any CPU.Build.0 = Debug|Any CPU
		{F50B687B-2A30-49BC-9528-9B50B688EE73}.Release|Any CPU.ActiveCfg = Release|Any CPU
		{F50B687B-2A30-49BC-9528-9B50B688EE73}.Release|Any CPU.Build.0 = Release|Any CPU
		{DB154277-44F3-45FE-9A4E-FDCD452F24A6}.Debug|Any CPU.ActiveCfg = Debug|Any CPU
		{DB154277-44F3-45FE-9A4E-FDCD452F24A6}.Debug|Any CPU.Build.0 = Debug|Any CPU
		{DB154277-44F3-45FE-9A4E-FDCD452F24A6}.Release|Any CPU.ActiveCfg = Release|Any CPU
		{DB154277-44F3-45FE-9A4E-FDCD452F24A6}.Release|Any CPU.Build.0 = Release|Any CPU
	EndGlobalSection
	GlobalSection(SolutionProperties) = preSolution
		HideSolutionNode = FALSE
	EndGlobalSection
	GlobalSection(ExtensibilityGlobals) = postSolution
		SolutionGuid = {15C36B42-EE54-4A12-81B0-BC4A669F56C9}
	EndGlobalSection
EndGlobal
