
Microsoft Visual Studio Solution File, Format Version 12.00
# Visual Studio Version 17
VisualStudioVersion = 17.8.34330.188
MinimumVisualStudioVersion = 10.0.40219.1
Project("{FAE04EC0-301F-11D3-BF4B-00C04F79EFBC}") = "01. Even Lines", "01. Even Lines\01. Even Lines.csproj", "{126A3CBF-EA7D-42DE-99A0-0CB7B803E01B}"
EndProject
Project("{FAE04EC0-301F-11D3-BF4B-00C04F79EFBC}") = "02. Line Numbers", "02. Line Numbers\02. Line Numbers.csproj", "{D45203BE-2DE1-47FC-9960-6BCDAAC7DFFA}"
EndProject
Project("{FAE04EC0-301F-11D3-BF4B-00C04F79EFBC}") = "03. Copy Binary File", "03. Copy Binary File\03. Copy Binary File.csproj", "{312C86D8-C269-4E0B-9DEC-CB282C1FAB3B}"
EndProject
Project("{FAE04EC0-301F-11D3-BF4B-00C04F79EFBC}") = "04. Directory Traversal", "04. Directory Traversal\04. Directory Traversal.csproj", "{39BC2339-63D2-4D73-AFE2-D5E30D1B76EA}"
EndProject
Project("{FAE04EC0-301F-11D3-BF4B-00C04F79EFBC}") = "05. Copy Directory", "05. Copy Directory\05. Copy Directory.csproj", "{FC94ADD5-DCD8-4DF5-ABE8-0D92E9F636B4}"
EndProject
Global
	GlobalSection(SolutionConfigurationPlatforms) = preSolution
		Debug|Any CPU = Debug|Any CPU
		Release|Any CPU = Release|Any CPU
	EndGlobalSection
	GlobalSection(ProjectConfigurationPlatforms) = postSolution
		{126A3CBF-EA7D-42DE-99A0-0CB7B803E01B}.Debug|Any CPU.ActiveCfg = Debug|Any CPU
		{126A3CBF-EA7D-42DE-99A0-0CB7B803E01B}.Debug|Any CPU.Build.0 = Debug|Any CPU
		{126A3CBF-EA7D-42DE-99A0-0CB7B803E01B}.Release|Any CPU.ActiveCfg = Release|Any CPU
		{126A3CBF-EA7D-42DE-99A0-0CB7B803E01B}.Release|Any CPU.Build.0 = Release|Any CPU
		{D45203BE-2DE1-47FC-9960-6BCDAAC7DFFA}.Debug|Any CPU.ActiveCfg = Debug|Any CPU
		{D45203BE-2DE1-47FC-9960-6BCDAAC7DFFA}.Debug|Any CPU.Build.0 = Debug|Any CPU
		{D45203BE-2DE1-47FC-9960-6BCDAAC7DFFA}.Release|Any CPU.ActiveCfg = Release|Any CPU
		{D45203BE-2DE1-47FC-9960-6BCDAAC7DFFA}.Release|Any CPU.Build.0 = Release|Any CPU
		{312C86D8-C269-4E0B-9DEC-CB282C1FAB3B}.Debug|Any CPU.ActiveCfg = Debug|Any CPU
		{312C86D8-C269-4E0B-9DEC-CB282C1FAB3B}.Debug|Any CPU.Build.0 = Debug|Any CPU
		{312C86D8-C269-4E0B-9DEC-CB282C1FAB3B}.Release|Any CPU.ActiveCfg = Release|Any CPU
		{312C86D8-C269-4E0B-9DEC-CB282C1FAB3B}.Release|Any CPU.Build.0 = Release|Any CPU
		{39BC2339-63D2-4D73-AFE2-D5E30D1B76EA}.Debug|Any CPU.ActiveCfg = Debug|Any CPU
		{39BC2339-63D2-4D73-AFE2-D5E30D1B76EA}.Debug|Any CPU.Build.0 = Debug|Any CPU
		{39BC2339-63D2-4D73-AFE2-D5E30D1B76EA}.Release|Any CPU.ActiveCfg = Release|Any CPU
		{39BC2339-63D2-4D73-AFE2-D5E30D1B76EA}.Release|Any CPU.Build.0 = Release|Any CPU
		{FC94ADD5-DCD8-4DF5-ABE8-0D92E9F636B4}.Debug|Any CPU.ActiveCfg = Debug|Any CPU
		{FC94ADD5-DCD8-4DF5-ABE8-0D92E9F636B4}.Debug|Any CPU.Build.0 = Debug|Any CPU
		{FC94ADD5-DCD8-4DF5-ABE8-0D92E9F636B4}.Release|Any CPU.ActiveCfg = Release|Any CPU
		{FC94ADD5-DCD8-4DF5-ABE8-0D92E9F636B4}.Release|Any CPU.Build.0 = Release|Any CPU
	EndGlobalSection
	GlobalSection(SolutionProperties) = preSolution
		HideSolutionNode = FALSE
	EndGlobalSection
	GlobalSection(ExtensibilityGlobals) = postSolution
		SolutionGuid = {5926C160-8E59-4DCB-94C1-E6062D90D71D}
	EndGlobalSection
EndGlobal
